
Microsoft Visual Studio Solution File, Format Version 12.00
# Visual Studio Version 16
VisualStudioVersion = 16.0.29009.5
MinimumVisualStudioVersion = 10.0.40219.1
Project("{9A19103F-16F7-4668-BE54-9A1E7A4F7556}") = "WeddingPlanner", "WeddingPlanner.csproj", "{5B4C4D46-B54B-44B2-9FEC-F7D210866162}"
EndProject
Global
	GlobalSection(SolutionConfigurationPlatforms) = preSolution
		Debug|Any CPU = Debug|Any CPU
		Release|Any CPU = Release|Any CPU
	EndGlobalSection
	GlobalSection(ProjectConfigurationPlatforms) = postSolution
		{5B4C4D46-B54B-44B2-9FEC-F7D210866162}.Debug|Any CPU.ActiveCfg = Debug|Any CPU
		{5B4C4D46-B54B-44B2-9FEC-F7D210866162}.Debug|Any CPU.Build.0 = Debug|Any CPU
		{5B4C4D46-B54B-44B2-9FEC-F7D210866162}.Release|Any CPU.ActiveCfg = Release|Any CPU
		{5B4C4D46-B54B-44B2-9FEC-F7D210866162}.Release|Any CPU.Build.0 = Release|Any CPU
	EndGlobalSection
	GlobalSection(SolutionProperties) = preSolution
		HideSolutionNode = FALSE
	EndGlobalSection
	GlobalSection(ExtensibilityGlobals) = postSolution
		SolutionGuid = {ABC6862F-9632-4695-8DC5-C545673039A0}
	EndGlobalSection
EndGlobal
